
Microsoft Visual Studio Solution File, Format Version 12.00
# Visual Studio Version 16
VisualStudioVersion = 16.0.31515.178
MinimumVisualStudioVersion = 10.0.40219.1
Project("{888888A0-9F3D-457C-B088-3A5042F75D52}") = "python-iacenter", "python-iacenter.pyproj", "{E8D579D3-E7E0-4BB4-A542-71115FB3DCE4}"
EndProject
Global
	GlobalSection(SolutionConfigurationPlatforms) = preSolution
		Debug|Any CPU = Debug|Any CPU
		Release|Any CPU = Release|Any CPU
	EndGlobalSection
	GlobalSection(ProjectConfigurationPlatforms) = postSolution
		{E8D579D3-E7E0-4BB4-A542-71115FB3DCE4}.Debug|Any CPU.ActiveCfg = Debug|Any CPU
		{E8D579D3-E7E0-4BB4-A542-71115FB3DCE4}.Release|Any CPU.ActiveCfg = Release|Any CPU
	EndGlobalSection
	GlobalSection(SolutionProperties) = preSolution
		HideSolutionNode = FALSE
	EndGlobalSection
	GlobalSection(ExtensibilityGlobals) = postSolution
		SolutionGuid = {DBBDB81E-5EF2-479A-9DB0-D30DA9C34696}
	EndGlobalSection
EndGlobal
